
Microsoft Visual Studio Solution File, Format Version 12.00
# Visual Studio 15
VisualStudioVersion = 15.0.27130.2010
MinimumVisualStudioVersion = 10.0.40219.1
Project("{9A19103F-16F7-4668-BE54-9A1E7A4F7556}") = "DNWS", "DNWS.csproj", "{73047525-A183-4DE6-AC4A-2FCC2205B8DC}"
EndProject
Global
	GlobalSection(SolutionConfigurationPlatforms) = preSolution
		Debug|Any CPU = Debug|Any CPU
		Release|Any CPU = Release|Any CPU
	EndGlobalSection
	GlobalSection(ProjectConfigurationPlatforms) = postSolution
		{73047525-A183-4DE6-AC4A-2FCC2205B8DC}.Debug|Any CPU.ActiveCfg = Debug|Any CPU
		{73047525-A183-4DE6-AC4A-2FCC2205B8DC}.Debug|Any CPU.Build.0 = Debug|Any CPU
		{73047525-A183-4DE6-AC4A-2FCC2205B8DC}.Release|Any CPU.ActiveCfg = Release|Any CPU
		{73047525-A183-4DE6-AC4A-2FCC2205B8DC}.Release|Any CPU.Build.0 = Release|Any CPU
	EndGlobalSection
	GlobalSection(SolutionProperties) = preSolution
		HideSolutionNode = FALSE
	EndGlobalSection
	GlobalSection(ExtensibilityGlobals) = postSolution
		SolutionGuid = {9481994E-56F3-4DF5-B59E-CC9C48A22841}
	EndGlobalSection
EndGlobal
